// !$*UTF8*$!
{
	archiveVersion = 1;
	classes = {
	};
	objectVersion = 77;
	objects = {

/* Begin PBXBuildFile section */
		33838AAEDE4C47BA0CE5F5A8 /* KokukokuWidget.appex in Embed App Extensions */ = {isa = PBXBuildFile; fileRef = 30EF1EF3F3DC44C1AF2D5D22 /* KokukokuWidget.appex */; platformFilter = ios; };
		664F965CCC8EAFA5F5DFBD1F /* KokukokuStatusWidget.swift in Sources */ = {isa = PBXBuildFile; fileRef = 8F88AB8DBB27C32B5D44CACF /* KokukokuStatusWidget.swift */; };
		6B193B73DF12E5E7FA8031DD /* KokukokuWatch.app in Embed Watch Content */ = {isa = PBXBuildFile; fileRef = D5A1C20D5549207B9111CCC4 /* KokukokuWatch.app */; platformFilter = ios; settings = {ATTRIBUTES = (RemoveHeadersOnCopy, ); }; };
		6D94BFC657909AEA82AC9307 /* KokukokuWidgetBundle.swift in Sources */ = {isa = PBXBuildFile; fileRef = F4403978BED95CB29239FA31 /* KokukokuWidgetBundle.swift */; };
		861CF750956887E2B7870A0A /* KokukokuActivityAttributes.swift in Sources */ = {isa = PBXBuildFile; fileRef = 6AF7D4ACFB280491340A2F8D /* KokukokuActivityAttributes.swift */; };
		A1B2C3D4E5F6A7B8C9D0E1F2 /* KokukokuWatchApp.swift in Sources */ = {isa = PBXBuildFile; fileRef = ED50032A2E8ABD4D522B44E3 /* KokukokuWatchApp.swift */; };
		B0FDDDF2D59075B4136325BB /* KokukokuLiveActivityWidget.swift in Sources */ = {isa = PBXBuildFile; fileRef = A07AC72D7E879B2AF9C5C044 /* KokukokuLiveActivityWidget.swift */; };
		B2C3D4E5F6A7B8C9D0E1F2A3 /* WatchSessionStore.swift in Sources */ = {isa = PBXBuildFile; fileRef = 82E5EAC433E26DD71DFCB3C5 /* WatchSessionStore.swift */; };
/* End PBXBuildFile section */

/* Begin PBXContainerItemProxy section */
		9490B10BD2987B771DBEBEE6 /* PBXContainerItemProxy */ = {
			isa = PBXContainerItemProxy;
			containerPortal = C3EE8C992F4DDC6E00522F61 /* Project object */;
			proxyType = 1;
			remoteGlobalIDString = 3DAD69EFBDEBAA0257C5C10D;
			remoteInfo = KokukokuWatch;
		};
		C3EE8CB12F4DDC6F00522F61 /* PBXContainerItemProxy */ = {
			isa = PBXContainerItemProxy;
			containerPortal = C3EE8C992F4DDC6E00522F61 /* Project object */;
			proxyType = 1;
			remoteGlobalIDString = C3EE8CA02F4DDC6E00522F61;
			remoteInfo = Kokukoku;
		};
		C3EE8CBB2F4DDC6F00522F61 /* PBXContainerItemProxy */ = {
			isa = PBXContainerItemProxy;
			containerPortal = C3EE8C992F4DDC6E00522F61 /* Project object */;
			proxyType = 1;
			remoteGlobalIDString = C3EE8CA02F4DDC6E00522F61;
			remoteInfo = Kokukoku;
		};
/* End PBXContainerItemProxy section */

/* Begin PBXCopyFilesBuildPhase section */
		3A2E5A5C78326C281EDC2A73 /* Embed App Extensions */ = {
			isa = PBXCopyFilesBuildPhase;
			buildActionMask = 2147483647;
			dstPath = "";
			dstSubfolderSpec = 13;
			files = (
				33838AAEDE4C47BA0CE5F5A8 /* KokukokuWidget.appex in Embed App Extensions */,
			);
			name = "Embed App Extensions";
			runOnlyForDeploymentPostprocessing = 0;
		};
		4846011CBF8A73663DE85A51 /* Embed Watch Content */ = {
			isa = PBXCopyFilesBuildPhase;
			buildActionMask = 2147483647;
			dstPath = "$(CONTENTS_FOLDER_PATH)/Watch";
			dstSubfolderSpec = 16;
			files = (
				6B193B73DF12E5E7FA8031DD /* KokukokuWatch.app in Embed Watch Content */,
			);
			name = "Embed Watch Content";
			runOnlyForDeploymentPostprocessing = 0;
		};
/* End PBXCopyFilesBuildPhase section */

/* Begin PBXFileReference section */
		30EF1EF3F3DC44C1AF2D5D22 /* KokukokuWidget.appex */ = {isa = PBXFileReference; explicitFileType = "wrapper.app-extension"; includeInIndex = 0; path = KokukokuWidget.appex; sourceTree = BUILT_PRODUCTS_DIR; };
		6AF7D4ACFB280491340A2F8D /* KokukokuActivityAttributes.swift */ = {isa = PBXFileReference; includeInIndex = 1; lastKnownFileType = sourcecode.swift; name = KokukokuActivityAttributes.swift; path = Kokukoku/Shared/LiveActivity/KokukokuActivityAttributes.swift; sourceTree = "<group>"; };
		82E5EAC433E26DD71DFCB3C5 /* WatchSessionStore.swift */ = {isa = PBXFileReference; includeInIndex = 1; lastKnownFileType = sourcecode.swift; name = WatchSessionStore.swift; path = KokukokuWatchExtension/WatchSessionStore.swift; sourceTree = "<group>"; };
		8F88AB8DBB27C32B5D44CACF /* KokukokuStatusWidget.swift */ = {isa = PBXFileReference; includeInIndex = 1; lastKnownFileType = sourcecode.swift; name = KokukokuStatusWidget.swift; path = KokukokuWidget/KokukokuStatusWidget.swift; sourceTree = "<group>"; };
		A07AC72D7E879B2AF9C5C044 /* KokukokuLiveActivityWidget.swift */ = {isa = PBXFileReference; includeInIndex = 1; lastKnownFileType = sourcecode.swift; name = KokukokuLiveActivityWidget.swift; path = KokukokuWidget/KokukokuLiveActivityWidget.swift; sourceTree = "<group>"; };
		C3EE8CA12F4DDC6E00522F61 /* Kokukoku.app */ = {isa = PBXFileReference; explicitFileType = wrapper.application; includeInIndex = 0; path = Kokukoku.app; sourceTree = BUILT_PRODUCTS_DIR; };
		C3EE8CB02F4DDC6F00522F61 /* KokukokuTests.xctest */ = {isa = PBXFileReference; explicitFileType = wrapper.cfbundle; includeInIndex = 0; path = KokukokuTests.xctest; sourceTree = BUILT_PRODUCTS_DIR; };
		C3EE8CBA2F4DDC6F00522F61 /* KokukokuUITests.xctest */ = {isa = PBXFileReference; explicitFileType = wrapper.cfbundle; includeInIndex = 0; path = KokukokuUITests.xctest; sourceTree = BUILT_PRODUCTS_DIR; };
		D5A1C20D5549207B9111CCC4 /* KokukokuWatch.app */ = {isa = PBXFileReference; explicitFileType = wrapper.application; includeInIndex = 0; path = KokukokuWatch.app; sourceTree = BUILT_PRODUCTS_DIR; };
		ED50032A2E8ABD4D522B44E3 /* KokukokuWatchApp.swift */ = {isa = PBXFileReference; includeInIndex = 1; lastKnownFileType = sourcecode.swift; name = KokukokuWatchApp.swift; path = KokukokuWatchExtension/KokukokuWatchApp.swift; sourceTree = "<group>"; };
		F4403978BED95CB29239FA31 /* KokukokuWidgetBundle.swift */ = {isa = PBXFileReference; includeInIndex = 1; lastKnownFileType = sourcecode.swift; name = KokukokuWidgetBundle.swift; path = KokukokuWidget/KokukokuWidgetBundle.swift; sourceTree = "<group>"; };
/* End PBXFileReference section */

/* Begin PBXFileSystemSynchronizedRootGroup section */
		C3EE8CA32F4DDC6E00522F61 /* Kokukoku */ = {
			isa = PBXFileSystemSynchronizedRootGroup;
			path = Kokukoku;
			sourceTree = "<group>";
		};
		C3EE8CB32F4DDC6F00522F61 /* KokukokuTests */ = {
			isa = PBXFileSystemSynchronizedRootGroup;
			path = KokukokuTests;
			sourceTree = "<group>";
		};
		C3EE8CBD2F4DDC6F00522F61 /* KokukokuUITests */ = {
			isa = PBXFileSystemSynchronizedRootGroup;
			path = KokukokuUITests;
			sourceTree = "<group>";
		};
/* End PBXFileSystemSynchronizedRootGroup section */

/* Begin PBXFrameworksBuildPhase section */
		07D50ED2DDB3727C1DB12534 /* Frameworks */ = {
			isa = PBXFrameworksBuildPhase;
			buildActionMask = 2147483647;
			files = (
			);
			runOnlyForDeploymentPostprocessing = 0;
		};
		804EEFB845015B27D64D5814 /* Frameworks */ = {
			isa = PBXFrameworksBuildPhase;
			buildActionMask = 2147483647;
			files = (
			);
			runOnlyForDeploymentPostprocessing = 0;
		};
		C3EE8C9E2F4DDC6E00522F61 /* Frameworks */ = {
			isa = PBXFrameworksBuildPhase;
			buildActionMask = 2147483647;
			files = (
			);
			runOnlyForDeploymentPostprocessing = 0;
		};
		C3EE8CAD2F4DDC6F00522F61 /* Frameworks */ = {
			isa = PBXFrameworksBuildPhase;
			buildActionMask = 2147483647;
			files = (
			);
			runOnlyForDeploymentPostprocessing = 0;
		};
		C3EE8CB72F4DDC6F00522F61 /* Frameworks */ = {
			isa = PBXFrameworksBuildPhase;
			buildActionMask = 2147483647;
			files = (
			);
			runOnlyForDeploymentPostprocessing = 0;
		};
/* End PBXFrameworksBuildPhase section */

/* Begin PBXGroup section */
		41D001E5241EC69F634D3FCD /* KokukokuWatch */ = {
			isa = PBXGroup;
			children = (
				ED50032A2E8ABD4D522B44E3 /* KokukokuWatchApp.swift */,
				82E5EAC433E26DD71DFCB3C5 /* WatchSessionStore.swift */,
			);
			name = KokukokuWatch;
			sourceTree = "<group>";
		};
		84A30BC9C4D4764D6BB91AFF /* KokukokuWidget */ = {
			isa = PBXGroup;
			children = (
				F4403978BED95CB29239FA31 /* KokukokuWidgetBundle.swift */,
				8F88AB8DBB27C32B5D44CACF /* KokukokuStatusWidget.swift */,
				A07AC72D7E879B2AF9C5C044 /* KokukokuLiveActivityWidget.swift */,
			);
			name = KokukokuWidget;
			sourceTree = "<group>";
		};
		C3EE8C982F4DDC6E00522F61 = {
			isa = PBXGroup;
			children = (
				C3EE8CA32F4DDC6E00522F61 /* Kokukoku */,
				C3EE8CB32F4DDC6F00522F61 /* KokukokuTests */,
				C3EE8CBD2F4DDC6F00522F61 /* KokukokuUITests */,
				C3EE8CA22F4DDC6E00522F61 /* Products */,
				84A30BC9C4D4764D6BB91AFF /* KokukokuWidget */,
				41D001E5241EC69F634D3FCD /* KokukokuWatch */,
				C3F77BCC2F4EE6EB006A9E61 /* Recovered References */,
			);
			sourceTree = "<group>";
		};
		C3EE8CA22F4DDC6E00522F61 /* Products */ = {
			isa = PBXGroup;
			children = (
				C3EE8CA12F4DDC6E00522F61 /* Kokukoku.app */,
				C3EE8CB02F4DDC6F00522F61 /* KokukokuTests.xctest */,
				C3EE8CBA2F4DDC6F00522F61 /* KokukokuUITests.xctest */,
				30EF1EF3F3DC44C1AF2D5D22 /* KokukokuWidget.appex */,
				D5A1C20D5549207B9111CCC4 /* KokukokuWatch.app */,
			);
			name = Products;
			sourceTree = "<group>";
		};
		C3F77BCC2F4EE6EB006A9E61 /* Recovered References */ = {
			isa = PBXGroup;
			children = (
				6AF7D4ACFB280491340A2F8D /* KokukokuActivityAttributes.swift */,
			);
			name = "Recovered References";
			sourceTree = "<group>";
		};
/* End PBXGroup section */

/* Begin PBXNativeTarget section */
		3DAD69EFBDEBAA0257C5C10D /* KokukokuWatch */ = {
			isa = PBXNativeTarget;
			buildConfigurationList = DE09F61D211FB1D5573B4D25 /* Build configuration list for PBXNativeTarget "KokukokuWatch" */;
			buildPhases = (
				C3D4E5F6A7B8C9D0E1F2A3B4 /* Sources */,
				804EEFB845015B27D64D5814 /* Frameworks */,
				20FFAEC9C133B24D92BA5E6E /* Resources */,
			);
			buildRules = (
			);
			dependencies = (
			);
			name = KokukokuWatch;
			productName = KokukokuWatch;
			productReference = D5A1C20D5549207B9111CCC4 /* KokukokuWatch.app */;
			productType = "com.apple.product-type.application";
		};
		C3EE8CA02F4DDC6E00522F61 /* Kokukoku */ = {
			isa = PBXNativeTarget;
			buildConfigurationList = C3EE8CC42F4DDC6F00522F61 /* Build configuration list for PBXNativeTarget "Kokukoku" */;
			buildPhases = (
				C3EE8C9D2F4DDC6E00522F61 /* Sources */,
				C3EE8C9E2F4DDC6E00522F61 /* Frameworks */,
				C3EE8C9F2F4DDC6E00522F61 /* Resources */,
				3A2E5A5C78326C281EDC2A73 /* Embed App Extensions */,
				4846011CBF8A73663DE85A51 /* Embed Watch Content */,
			);
			buildRules = (
			);
			dependencies = (
				C4067C511FEF10969B874233 /* PBXTargetDependency */,
			);
			fileSystemSynchronizedGroups = (
				C3EE8CA32F4DDC6E00522F61 /* Kokukoku */,
			);
			name = Kokukoku;
			productName = Kokukoku;
			productReference = C3EE8CA12F4DDC6E00522F61 /* Kokukoku.app */;
			productType = "com.apple.product-type.application";
		};
		C3EE8CAF2F4DDC6F00522F61 /* KokukokuTests */ = {
			isa = PBXNativeTarget;
			buildConfigurationList = C3EE8CC72F4DDC6F00522F61 /* Build configuration list for PBXNativeTarget "KokukokuTests" */;
			buildPhases = (
				C3EE8CAC2F4DDC6F00522F61 /* Sources */,
				C3EE8CAD2F4DDC6F00522F61 /* Frameworks */,
				C3EE8CAE2F4DDC6F00522F61 /* Resources */,
			);
			buildRules = (
			);
			dependencies = (
				C3EE8CB22F4DDC6F00522F61 /* PBXTargetDependency */,
			);
			fileSystemSynchronizedGroups = (
				C3EE8CB32F4DDC6F00522F61 /* KokukokuTests */,
			);
			name = KokukokuTests;
			productName = KokukokuTests;
			productReference = C3EE8CB02F4DDC6F00522F61 /* KokukokuTests.xctest */;
			productType = "com.apple.product-type.bundle.unit-test";
		};
		C3EE8CB92F4DDC6F00522F61 /* KokukokuUITests */ = {
			isa = PBXNativeTarget;
			buildConfigurationList = C3EE8CCA2F4DDC6F00522F61 /* Build configuration list for PBXNativeTarget "KokukokuUITests" */;
			buildPhases = (
				C3EE8CB62F4DDC6F00522F61 /* Sources */,
				C3EE8CB72F4DDC6F00522F61 /* Frameworks */,
				C3EE8CB82F4DDC6F00522F61 /* Resources */,
			);
			buildRules = (
			);
			dependencies = (
				C3EE8CBC2F4DDC6F00522F61 /* PBXTargetDependency */,
			);
			fileSystemSynchronizedGroups = (
				C3EE8CBD2F4DDC6F00522F61 /* KokukokuUITests */,
			);
			name = KokukokuUITests;
			productName = KokukokuUITests;
			productReference = C3EE8CBA2F4DDC6F00522F61 /* KokukokuUITests.xctest */;
			productType = "com.apple.product-type.bundle.ui-testing";
		};
		E559E32C2B7822C9A8FD55FB /* KokukokuWidget */ = {
			isa = PBXNativeTarget;
			buildConfigurationList = 40BBB12FCC698A00C74D390F /* Build configuration list for PBXNativeTarget "KokukokuWidget" */;
			buildPhases = (
				8F2E107EE43954DA9ECE0EA4 /* Sources */,
				07D50ED2DDB3727C1DB12534 /* Frameworks */,
				25EB4A277EDF81B7E0476CB8 /* Resources */,
			);
			buildRules = (
			);
			dependencies = (
			);
			name = KokukokuWidget;
			productName = KokukokuWidget;
			productReference = 30EF1EF3F3DC44C1AF2D5D22 /* KokukokuWidget.appex */;
			productType = "com.apple.product-type.app-extension";
		};
/* End PBXNativeTarget section */

/* Begin PBXProject section */
		C3EE8C992F4DDC6E00522F61 /* Project object */ = {
			isa = PBXProject;
			attributes = {
				BuildIndependentTargetsInParallel = 1;
				LastSwiftUpdateCheck = 2620;
				LastUpgradeCheck = 2620;
				TargetAttributes = {
					3DAD69EFBDEBAA0257C5C10D = {
						CreatedOnToolsVersion = 26.2;
					};
					C3EE8CA02F4DDC6E00522F61 = {
						CreatedOnToolsVersion = 26.2;
					};
					C3EE8CAF2F4DDC6F00522F61 = {
						CreatedOnToolsVersion = 26.2;
						TestTargetID = C3EE8CA02F4DDC6E00522F61;
					};
					C3EE8CB92F4DDC6F00522F61 = {
						CreatedOnToolsVersion = 26.2;
						TestTargetID = C3EE8CA02F4DDC6E00522F61;
					};
				};
			};
			buildConfigurationList = C3EE8C9C2F4DDC6E00522F61 /* Build configuration list for PBXProject "Kokukoku" */;
			developmentRegion = en;
			hasScannedForEncodings = 0;
			knownRegions = (
				en,
				Base,
			);
			mainGroup = C3EE8C982F4DDC6E00522F61;
			minimizedProjectReferenceProxies = 1;
			preferredProjectObjectVersion = 77;
			productRefGroup = C3EE8CA22F4DDC6E00522F61 /* Products */;
			projectDirPath = "";
			projectRoot = "";
			targets = (
				C3EE8CA02F4DDC6E00522F61 /* Kokukoku */,
				C3EE8CAF2F4DDC6F00522F61 /* KokukokuTests */,
				C3EE8CB92F4DDC6F00522F61 /* KokukokuUITests */,
				3DAD69EFBDEBAA0257C5C10D /* KokukokuWatch */,
				E559E32C2B7822C9A8FD55FB /* KokukokuWidget */,
			);
		};
/* End PBXProject section */

/* Begin PBXResourcesBuildPhase section */
		20FFAEC9C133B24D92BA5E6E /* Resources */ = {
			isa = PBXResourcesBuildPhase;
			buildActionMask = 2147483647;
			files = (
			);
			runOnlyForDeploymentPostprocessing = 0;
		};
		25EB4A277EDF81B7E0476CB8 /* Resources */ = {
			isa = PBXResourcesBuildPhase;
			buildActionMask = 2147483647;
			files = (
			);
			runOnlyForDeploymentPostprocessing = 0;
		};
		C3EE8C9F2F4DDC6E00522F61 /* Resources */ = {
			isa = PBXResourcesBuildPhase;
			buildActionMask = 2147483647;
			files = (
			);
			runOnlyForDeploymentPostprocessing = 0;
		};
		C3EE8CAE2F4DDC6F00522F61 /* Resources */ = {
			isa = PBXResourcesBuildPhase;
			buildActionMask = 2147483647;
			files = (
			);
			runOnlyForDeploymentPostprocessing = 0;
		};
		C3EE8CB82F4DDC6F00522F61 /* Resources */ = {
			isa = PBXResourcesBuildPhase;
			buildActionMask = 2147483647;
			files = (
			);
			runOnlyForDeploymentPostprocessing = 0;
		};
/* End PBXResourcesBuildPhase section */

/* Begin PBXSourcesBuildPhase section */
		8F2E107EE43954DA9ECE0EA4 /* Sources */ = {
			isa = PBXSourcesBuildPhase;
			buildActionMask = 2147483647;
			files = (
				6D94BFC657909AEA82AC9307 /* KokukokuWidgetBundle.swift in Sources */,
				664F965CCC8EAFA5F5DFBD1F /* KokukokuStatusWidget.swift in Sources */,
				B0FDDDF2D59075B4136325BB /* KokukokuLiveActivityWidget.swift in Sources */,
				861CF750956887E2B7870A0A /* KokukokuActivityAttributes.swift in Sources */,
			);
			runOnlyForDeploymentPostprocessing = 0;
		};
		C3D4E5F6A7B8C9D0E1F2A3B4 /* Sources */ = {
			isa = PBXSourcesBuildPhase;
			buildActionMask = 2147483647;
			files = (
				A1B2C3D4E5F6A7B8C9D0E1F2 /* KokukokuWatchApp.swift in Sources */,
				B2C3D4E5F6A7B8C9D0E1F2A3 /* WatchSessionStore.swift in Sources */,
			);
			runOnlyForDeploymentPostprocessing = 0;
		};
		C3EE8C9D2F4DDC6E00522F61 /* Sources */ = {
			isa = PBXSourcesBuildPhase;
			buildActionMask = 2147483647;
			files = (
			);
			runOnlyForDeploymentPostprocessing = 0;
		};
		C3EE8CAC2F4DDC6F00522F61 /* Sources */ = {
			isa = PBXSourcesBuildPhase;
			buildActionMask = 2147483647;
			files = (
			);
			runOnlyForDeploymentPostprocessing = 0;
		};
		C3EE8CB62F4DDC6F00522F61 /* Sources */ = {
			isa = PBXSourcesBuildPhase;
			buildActionMask = 2147483647;
			files = (
			);
			runOnlyForDeploymentPostprocessing = 0;
		};
/* End PBXSourcesBuildPhase section */

/* Begin PBXTargetDependency section */
		C3EE8CB22F4DDC6F00522F61 /* PBXTargetDependency */ = {
			isa = PBXTargetDependency;
			target = C3EE8CA02F4DDC6E00522F61 /* Kokukoku */;
			targetProxy = C3EE8CB12F4DDC6F00522F61 /* PBXContainerItemProxy */;
		};
		C3EE8CBC2F4DDC6F00522F61 /* PBXTargetDependency */ = {
			isa = PBXTargetDependency;
			target = C3EE8CA02F4DDC6E00522F61 /* Kokukoku */;
			targetProxy = C3EE8CBB2F4DDC6F00522F61 /* PBXContainerItemProxy */;
		};
		C4067C511FEF10969B874233 /* PBXTargetDependency */ = {
			isa = PBXTargetDependency;
			platformFilter = ios;
			target = 3DAD69EFBDEBAA0257C5C10D /* KokukokuWatch */;
			targetProxy = 9490B10BD2987B771DBEBEE6 /* PBXContainerItemProxy */;
		};
/* End PBXTargetDependency section */

/* Begin XCBuildConfiguration section */
		4A7961EE63C38EB91AA57A48 /* Debug */ = {
			isa = XCBuildConfiguration;
			buildSettings = {
				CODE_SIGN_STYLE = Automatic;
				CURRENT_PROJECT_VERSION = 1;
				DEVELOPMENT_TEAM = 38G54M8HMH;
				GENERATE_INFOPLIST_FILE = YES;
				INFOPLIST_KEY_WKCompanionAppBundleIdentifier = "com.uto-usui.Kokukoku";
				LD_RUNPATH_SEARCH_PATHS = (
					"$(inherited)",
					"@executable_path/Frameworks",
				);
				MARKETING_VERSION = 1.0;
				PRODUCT_BUNDLE_IDENTIFIER = "com.uto-usui.Kokukoku.watchkitapp";
				PRODUCT_NAME = "$(TARGET_NAME)";
				SDKROOT = watchos;
				SKIP_INSTALL = YES;
				SUPPORTED_PLATFORMS = "watchos watchsimulator";
				SWIFT_EMIT_LOC_STRINGS = YES;
				SWIFT_VERSION = 5.0;
				TARGETED_DEVICE_FAMILY = 4;
				WATCHOS_DEPLOYMENT_TARGET = 26.2;
			};
			name = Debug;
		};
		C3EE8CC22F4DDC6F00522F61 /* Debug */ = {
			isa = XCBuildConfiguration;
			buildSettings = {
				ALWAYS_SEARCH_USER_PATHS = NO;
				ASSETCATALOG_COMPILER_GENERATE_SWIFT_ASSET_SYMBOL_EXTENSIONS = YES;
				CLANG_ANALYZER_NONNULL = YES;
				CLANG_ANALYZER_NUMBER_OBJECT_CONVERSION = YES_AGGRESSIVE;
				CLANG_CXX_LANGUAGE_STANDARD = "gnu++20";
				CLANG_ENABLE_MODULES = YES;
				CLANG_ENABLE_OBJC_ARC = YES;
				CLANG_ENABLE_OBJC_WEAK = YES;
				CLANG_WARN_BLOCK_CAPTURE_AUTORELEASING = YES;
				CLANG_WARN_BOOL_CONVERSION = YES;
				CLANG_WARN_COMMA = YES;
				CLANG_WARN_CONSTANT_CONVERSION = YES;
				CLANG_WARN_DEPRECATED_OBJC_IMPLEMENTATIONS = YES;
				CLANG_WARN_DIRECT_OBJC_ISA_USAGE = YES_ERROR;
				CLANG_WARN_DOCUMENTATION_COMMENTS = YES;
				CLANG_WARN_EMPTY_BODY = YES;
				CLANG_WARN_ENUM_CONVERSION = YES;
				CLANG_WARN_INFINITE_RECURSION = YES;
				CLANG_WARN_INT_CONVERSION = YES;
				CLANG_WARN_NON_LITERAL_NULL_CONVERSION = YES;
				CLANG_WARN_OBJC_IMPLICIT_RETAIN_SELF = YES;
				CLANG_WARN_OBJC_LITERAL_CONVERSION = YES;
				CLANG_WARN_OBJC_ROOT_CLASS = YES_ERROR;
				CLANG_WARN_QUOTED_INCLUDE_IN_FRAMEWORK_HEADER = YES;
				CLANG_WARN_RANGE_LOOP_ANALYSIS = YES;
				CLANG_WARN_STRICT_PROTOTYPES = YES;
				CLANG_WARN_SUSPICIOUS_MOVE = YES;
				CLANG_WARN_UNGUARDED_AVAILABILITY = YES_AGGRESSIVE;
				CLANG_WARN_UNREACHABLE_CODE = YES;
				CLANG_WARN__DUPLICATE_METHOD_MATCH = YES;
				COPY_PHASE_STRIP = NO;
				DEBUG_INFORMATION_FORMAT = dwarf;
				ENABLE_STRICT_OBJC_MSGSEND = YES;
				ENABLE_TESTABILITY = YES;
				ENABLE_USER_SCRIPT_SANDBOXING = YES;
				GCC_C_LANGUAGE_STANDARD = gnu17;
				GCC_DYNAMIC_NO_PIC = NO;
				GCC_NO_COMMON_BLOCKS = YES;
				GCC_OPTIMIZATION_LEVEL = 0;
				GCC_PREPROCESSOR_DEFINITIONS = (
					"DEBUG=1",
					"$(inherited)",
				);
				GCC_WARN_64_TO_32_BIT_CONVERSION = YES;
				GCC_WARN_ABOUT_RETURN_TYPE = YES_ERROR;
				GCC_WARN_UNDECLARED_SELECTOR = YES;
				GCC_WARN_UNINITIALIZED_AUTOS = YES_AGGRESSIVE;
				GCC_WARN_UNUSED_FUNCTION = YES;
				GCC_WARN_UNUSED_VARIABLE = YES;
				LOCALIZATION_PREFERS_STRING_CATALOGS = YES;
				MTL_ENABLE_DEBUG_INFO = INCLUDE_SOURCE;
				MTL_FAST_MATH = YES;
				ONLY_ACTIVE_ARCH = YES;
				SWIFT_ACTIVE_COMPILATION_CONDITIONS = "DEBUG $(inherited)";
				SWIFT_OPTIMIZATION_LEVEL = "-Onone";
			};
			name = Debug;
		};
		C3EE8CC32F4DDC6F00522F61 /* Release */ = {
			isa = XCBuildConfiguration;
			buildSettings = {
				ALWAYS_SEARCH_USER_PATHS = NO;
				ASSETCATALOG_COMPILER_GENERATE_SWIFT_ASSET_SYMBOL_EXTENSIONS = YES;
				CLANG_ANALYZER_NONNULL = YES;
				CLANG_ANALYZER_NUMBER_OBJECT_CONVERSION = YES_AGGRESSIVE;
				CLANG_CXX_LANGUAGE_STANDARD = "gnu++20";
				CLANG_ENABLE_MODULES = YES;
				CLANG_ENABLE_OBJC_ARC = YES;
				CLANG_ENABLE_OBJC_WEAK = YES;
				CLANG_WARN_BLOCK_CAPTURE_AUTORELEASING = YES;
				CLANG_WARN_BOOL_CONVERSION = YES;
				CLANG_WARN_COMMA = YES;
				CLANG_WARN_CONSTANT_CONVERSION = YES;
				CLANG_WARN_DEPRECATED_OBJC_IMPLEMENTATIONS = YES;
				CLANG_WARN_DIRECT_OBJC_ISA_USAGE = YES_ERROR;
				CLANG_WARN_DOCUMENTATION_COMMENTS = YES;
				CLANG_WARN_EMPTY_BODY = YES;
				CLANG_WARN_ENUM_CONVERSION = YES;
				CLANG_WARN_INFINITE_RECURSION = YES;
				CLANG_WARN_INT_CONVERSION = YES;
				CLANG_WARN_NON_LITERAL_NULL_CONVERSION = YES;
				CLANG_WARN_OBJC_IMPLICIT_RETAIN_SELF = YES;
				CLANG_WARN_OBJC_LITERAL_CONVERSION = YES;
				CLANG_WARN_OBJC_ROOT_CLASS = YES_ERROR;
				CLANG_WARN_QUOTED_INCLUDE_IN_FRAMEWORK_HEADER = YES;
				CLANG_WARN_RANGE_LOOP_ANALYSIS = YES;
				CLANG_WARN_STRICT_PROTOTYPES = YES;
				CLANG_WARN_SUSPICIOUS_MOVE = YES;
				CLANG_WARN_UNGUARDED_AVAILABILITY = YES_AGGRESSIVE;
				CLANG_WARN_UNREACHABLE_CODE = YES;
				CLANG_WARN__DUPLICATE_METHOD_MATCH = YES;
				COPY_PHASE_STRIP = NO;
				DEBUG_INFORMATION_FORMAT = "dwarf-with-dsym";
				ENABLE_NS_ASSERTIONS = NO;
				ENABLE_STRICT_OBJC_MSGSEND = YES;
				ENABLE_USER_SCRIPT_SANDBOXING = YES;
				GCC_C_LANGUAGE_STANDARD = gnu17;
				GCC_NO_COMMON_BLOCKS = YES;
				GCC_WARN_64_TO_32_BIT_CONVERSION = YES;
				GCC_WARN_ABOUT_RETURN_TYPE = YES_ERROR;
				GCC_WARN_UNDECLARED_SELECTOR = YES;
				GCC_WARN_UNINITIALIZED_AUTOS = YES_AGGRESSIVE;
				GCC_WARN_UNUSED_FUNCTION = YES;
				GCC_WARN_UNUSED_VARIABLE = YES;
				LOCALIZATION_PREFERS_STRING_CATALOGS = YES;
				MTL_ENABLE_DEBUG_INFO = NO;
				MTL_FAST_MATH = YES;
				SWIFT_COMPILATION_MODE = wholemodule;
			};
			name = Release;
		};
		C3EE8CC52F4DDC6F00522F61 /* Debug */ = {
			isa = XCBuildConfiguration;
			buildSettings = {
				ASSETCATALOG_COMPILER_APPICON_NAME = AppIcon;
				ASSETCATALOG_COMPILER_GLOBAL_ACCENT_COLOR_NAME = AccentColor;
				CODE_SIGN_STYLE = Automatic;
				CURRENT_PROJECT_VERSION = 1;
				DEVELOPMENT_TEAM = 38G54M8HMH;
				ENABLE_APP_SANDBOX = YES;
				ENABLE_PREVIEWS = YES;
				ENABLE_USER_SELECTED_FILES = readonly;
				GENERATE_INFOPLIST_FILE = YES;
				"INFOPLIST_KEY_UIApplicationSceneManifest_Generation[sdk=iphoneos*]" = YES;
				"INFOPLIST_KEY_UIApplicationSceneManifest_Generation[sdk=iphonesimulator*]" = YES;
				"INFOPLIST_KEY_UIApplicationSupportsIndirectInputEvents[sdk=iphoneos*]" = YES;
				"INFOPLIST_KEY_UIApplicationSupportsIndirectInputEvents[sdk=iphonesimulator*]" = YES;
				"INFOPLIST_KEY_UILaunchScreen_Generation[sdk=iphoneos*]" = YES;
				"INFOPLIST_KEY_UILaunchScreen_Generation[sdk=iphonesimulator*]" = YES;
				"INFOPLIST_KEY_UIStatusBarStyle[sdk=iphoneos*]" = UIStatusBarStyleDefault;
				"INFOPLIST_KEY_UIStatusBarStyle[sdk=iphonesimulator*]" = UIStatusBarStyleDefault;
				INFOPLIST_KEY_UISupportedInterfaceOrientations_iPad = "UIInterfaceOrientationPortrait UIInterfaceOrientationPortraitUpsideDown UIInterfaceOrientationLandscapeLeft UIInterfaceOrientationLandscapeRight";
				INFOPLIST_KEY_UISupportedInterfaceOrientations_iPhone = "UIInterfaceOrientationPortrait UIInterfaceOrientationLandscapeLeft UIInterfaceOrientationLandscapeRight";
				IPHONEOS_DEPLOYMENT_TARGET = 26.2;
				LD_RUNPATH_SEARCH_PATHS = "@executable_path/Frameworks";
				"LD_RUNPATH_SEARCH_PATHS[sdk=macosx*]" = "@executable_path/../Frameworks";
				MACOSX_DEPLOYMENT_TARGET = 15.7;
				MARKETING_VERSION = 1.0;
				PRODUCT_BUNDLE_IDENTIFIER = "com.uto-usui.Kokukoku";
				PRODUCT_NAME = "$(TARGET_NAME)";
				REGISTER_APP_GROUPS = YES;
				SDKROOT = auto;
				STRING_CATALOG_GENERATE_SYMBOLS = YES;
				SUPPORTED_PLATFORMS = "iphoneos iphonesimulator macosx xros xrsimulator";
				SWIFT_APPROACHABLE_CONCURRENCY = YES;
				SWIFT_DEFAULT_ACTOR_ISOLATION = MainActor;
				SWIFT_EMIT_LOC_STRINGS = YES;
				SWIFT_UPCOMING_FEATURE_MEMBER_IMPORT_VISIBILITY = YES;
				SWIFT_VERSION = 5.0;
				TARGETED_DEVICE_FAMILY = "1,2,7";
				XROS_DEPLOYMENT_TARGET = 26.2;
			};
			name = Debug;
		};
		C3EE8CC62F4DDC6F00522F61 /* Release */ = {
			isa = XCBuildConfiguration;
			buildSettings = {
				ASSETCATALOG_COMPILER_APPICON_NAME = AppIcon;
				ASSETCATALOG_COMPILER_GLOBAL_ACCENT_COLOR_NAME = AccentColor;
				CODE_SIGN_STYLE = Automatic;
				CURRENT_PROJECT_VERSION = 1;
				DEVELOPMENT_TEAM = 38G54M8HMH;
				ENABLE_APP_SANDBOX = YES;
				ENABLE_PREVIEWS = YES;
				ENABLE_USER_SELECTED_FILES = readonly;
				GENERATE_INFOPLIST_FILE = YES;
				"INFOPLIST_KEY_UIApplicationSceneManifest_Generation[sdk=iphoneos*]" = YES;
				"INFOPLIST_KEY_UIApplicationSceneManifest_Generation[sdk=iphonesimulator*]" = YES;
				"INFOPLIST_KEY_UIApplicationSupportsIndirectInputEvents[sdk=iphoneos*]" = YES;
				"INFOPLIST_KEY_UIApplicationSupportsIndirectInputEvents[sdk=iphonesimulator*]" = YES;
				"INFOPLIST_KEY_UILaunchScreen_Generation[sdk=iphoneos*]" = YES;
				"INFOPLIST_KEY_UILaunchScreen_Generation[sdk=iphonesimulator*]" = YES;
				"INFOPLIST_KEY_UIStatusBarStyle[sdk=iphoneos*]" = UIStatusBarStyleDefault;
				"INFOPLIST_KEY_UIStatusBarStyle[sdk=iphonesimulator*]" = UIStatusBarStyleDefault;
				INFOPLIST_KEY_UISupportedInterfaceOrientations_iPad = "UIInterfaceOrientationPortrait UIInterfaceOrientationPortraitUpsideDown UIInterfaceOrientationLandscapeLeft UIInterfaceOrientationLandscapeRight";
				INFOPLIST_KEY_UISupportedInterfaceOrientations_iPhone = "UIInterfaceOrientationPortrait UIInterfaceOrientationLandscapeLeft UIInterfaceOrientationLandscapeRight";
				IPHONEOS_DEPLOYMENT_TARGET = 26.2;
				LD_RUNPATH_SEARCH_PATHS = "@executable_path/Frameworks";
				"LD_RUNPATH_SEARCH_PATHS[sdk=macosx*]" = "@executable_path/../Frameworks";
				MACOSX_DEPLOYMENT_TARGET = 15.7;
				MARKETING_VERSION = 1.0;
				PRODUCT_BUNDLE_IDENTIFIER = "com.uto-usui.Kokukoku";
				PRODUCT_NAME = "$(TARGET_NAME)";
				REGISTER_APP_GROUPS = YES;
				SDKROOT = auto;
				STRING_CATALOG_GENERATE_SYMBOLS = YES;
				SUPPORTED_PLATFORMS = "iphoneos iphonesimulator macosx xros xrsimulator";
				SWIFT_APPROACHABLE_CONCURRENCY = YES;
				SWIFT_DEFAULT_ACTOR_ISOLATION = MainActor;
				SWIFT_EMIT_LOC_STRINGS = YES;
				SWIFT_UPCOMING_FEATURE_MEMBER_IMPORT_VISIBILITY = YES;
				SWIFT_VERSION = 5.0;
				TARGETED_DEVICE_FAMILY = "1,2,7";
				XROS_DEPLOYMENT_TARGET = 26.2;
			};
			name = Release;
		};
		C3EE8CC82F4DDC6F00522F61 /* Debug */ = {
			isa = XCBuildConfiguration;
			buildSettings = {
				BUNDLE_LOADER = "$(TEST_HOST)";
				CODE_SIGN_STYLE = Automatic;
				CURRENT_PROJECT_VERSION = 1;
				GENERATE_INFOPLIST_FILE = YES;
				IPHONEOS_DEPLOYMENT_TARGET = 26.2;
				MACOSX_DEPLOYMENT_TARGET = 15.7;
				MARKETING_VERSION = 1.0;
				PRODUCT_BUNDLE_IDENTIFIER = "com.uto-usui.KokukokuTests";
				PRODUCT_NAME = "$(TARGET_NAME)";
				SDKROOT = auto;
				STRING_CATALOG_GENERATE_SYMBOLS = NO;
				SUPPORTED_PLATFORMS = "iphoneos iphonesimulator macosx xros xrsimulator";
				SWIFT_APPROACHABLE_CONCURRENCY = YES;
				SWIFT_EMIT_LOC_STRINGS = NO;
				SWIFT_UPCOMING_FEATURE_MEMBER_IMPORT_VISIBILITY = YES;
				SWIFT_VERSION = 5.0;
				TARGETED_DEVICE_FAMILY = "1,2,7";
				TEST_HOST = "$(BUILT_PRODUCTS_DIR)/Kokukoku.app/$(BUNDLE_EXECUTABLE_FOLDER_PATH)/Kokukoku";
				XROS_DEPLOYMENT_TARGET = 26.2;
			};
			name = Debug;
		};
		C3EE8CC92F4DDC6F00522F61 /* Release */ = {
			isa = XCBuildConfiguration;
			buildSettings = {
				BUNDLE_LOADER = "$(TEST_HOST)";
				CODE_SIGN_STYLE = Automatic;
				CURRENT_PROJECT_VERSION = 1;
				GENERATE_INFOPLIST_FILE = YES;
				IPHONEOS_DEPLOYMENT_TARGET = 26.2;
				MACOSX_DEPLOYMENT_TARGET = 15.7;
				MARKETING_VERSION = 1.0;
				PRODUCT_BUNDLE_IDENTIFIER = "com.uto-usui.KokukokuTests";
				PRODUCT_NAME = "$(TARGET_NAME)";
				SDKROOT = auto;
				STRING_CATALOG_GENERATE_SYMBOLS = NO;
				SUPPORTED_PLATFORMS = "iphoneos iphonesimulator macosx xros xrsimulator";
				SWIFT_APPROACHABLE_CONCURRENCY = YES;
				SWIFT_EMIT_LOC_STRINGS = NO;
				SWIFT_UPCOMING_FEATURE_MEMBER_IMPORT_VISIBILITY = YES;
				SWIFT_VERSION = 5.0;
				TARGETED_DEVICE_FAMILY = "1,2,7";
				TEST_HOST = "$(BUILT_PRODUCTS_DIR)/Kokukoku.app/$(BUNDLE_EXECUTABLE_FOLDER_PATH)/Kokukoku";
				XROS_DEPLOYMENT_TARGET = 26.2;
			};
			name = Release;
		};
		C3EE8CCB2F4DDC6F00522F61 /* Debug */ = {
			isa = XCBuildConfiguration;
			buildSettings = {
				CODE_SIGN_STYLE = Automatic;
				CURRENT_PROJECT_VERSION = 1;
				GENERATE_INFOPLIST_FILE = YES;
				IPHONEOS_DEPLOYMENT_TARGET = 26.2;
				MACOSX_DEPLOYMENT_TARGET = 15.7;
				MARKETING_VERSION = 1.0;
				PRODUCT_BUNDLE_IDENTIFIER = "com.uto-usui.KokukokuUITests";
				PRODUCT_NAME = "$(TARGET_NAME)";
				SDKROOT = auto;
				STRING_CATALOG_GENERATE_SYMBOLS = NO;
				SUPPORTED_PLATFORMS = "iphoneos iphonesimulator macosx xros xrsimulator";
				SWIFT_APPROACHABLE_CONCURRENCY = YES;
				SWIFT_EMIT_LOC_STRINGS = NO;
				SWIFT_UPCOMING_FEATURE_MEMBER_IMPORT_VISIBILITY = YES;
				SWIFT_VERSION = 5.0;
				TARGETED_DEVICE_FAMILY = "1,2,7";
				TEST_TARGET_NAME = Kokukoku;
				XROS_DEPLOYMENT_TARGET = 26.2;
			};
			name = Debug;
		};
		C3EE8CCC2F4DDC6F00522F61 /* Release */ = {
			isa = XCBuildConfiguration;
			buildSettings = {
				CODE_SIGN_STYLE = Automatic;
				CURRENT_PROJECT_VERSION = 1;
				GENERATE_INFOPLIST_FILE = YES;
				IPHONEOS_DEPLOYMENT_TARGET = 26.2;
				MACOSX_DEPLOYMENT_TARGET = 15.7;
				MARKETING_VERSION = 1.0;
				PRODUCT_BUNDLE_IDENTIFIER = "com.uto-usui.KokukokuUITests";
				PRODUCT_NAME = "$(TARGET_NAME)";
				SDKROOT = auto;
				STRING_CATALOG_GENERATE_SYMBOLS = NO;
				SUPPORTED_PLATFORMS = "iphoneos iphonesimulator macosx xros xrsimulator";
				SWIFT_APPROACHABLE_CONCURRENCY = YES;
				SWIFT_EMIT_LOC_STRINGS = NO;
				SWIFT_UPCOMING_FEATURE_MEMBER_IMPORT_VISIBILITY = YES;
				SWIFT_VERSION = 5.0;
				TARGETED_DEVICE_FAMILY = "1,2,7";
				TEST_TARGET_NAME = Kokukoku;
				XROS_DEPLOYMENT_TARGET = 26.2;
			};
			name = Release;
		};
		C9756A7BE23896E28AB16E1D /* Debug */ = {
			isa = XCBuildConfiguration;
			buildSettings = {
				APPLICATION_EXTENSION_API_ONLY = YES;
				CLANG_ENABLE_OBJC_WEAK = NO;
				CODE_SIGN_STYLE = Automatic;
				CURRENT_PROJECT_VERSION = 1;
				DEVELOPMENT_TEAM = 38G54M8HMH;
				GENERATE_INFOPLIST_FILE = YES;
				INFOPLIST_FILE = KokukokuWidget/Info.plist;
				INFOPLIST_KEY_CFBundleDisplayName = "Kokukoku Widget";
				IPHONEOS_DEPLOYMENT_TARGET = 26.2;
				LD_RUNPATH_SEARCH_PATHS = (
					"$(inherited)",
					"@executable_path/Frameworks",
					"@executable_path/../../Frameworks",
				);
				MARKETING_VERSION = 1.0;
				PRODUCT_BUNDLE_IDENTIFIER = "com.uto-usui.Kokukoku.widget";
				PRODUCT_NAME = "$(TARGET_NAME)";
				SDKROOT = iphoneos;
				SKIP_INSTALL = YES;
				SUPPORTED_PLATFORMS = "iphoneos iphonesimulator";
				SWIFT_EMIT_LOC_STRINGS = YES;
				SWIFT_VERSION = 5.0;
				TARGETED_DEVICE_FAMILY = "1,2";
			};
			name = Debug;
		};
		E5B3B6AF5A8B7A0BFDD5D48F /* Release */ = {
			isa = XCBuildConfiguration;
			buildSettings = {
				APPLICATION_EXTENSION_API_ONLY = YES;
				CLANG_ENABLE_OBJC_WEAK = NO;
				CODE_SIGN_STYLE = Automatic;
				CURRENT_PROJECT_VERSION = 1;
				GENERATE_INFOPLIST_FILE = YES;
				INFOPLIST_FILE = KokukokuWidget/Info.plist;
				INFOPLIST_KEY_CFBundleDisplayName = "Kokukoku Widget";
				IPHONEOS_DEPLOYMENT_TARGET = 26.2;
				LD_RUNPATH_SEARCH_PATHS = (
					"$(inherited)",
					"@executable_path/Frameworks",
					"@executable_path/../../Frameworks",
				);
				MARKETING_VERSION = 1.0;
				PRODUCT_BUNDLE_IDENTIFIER = "com.uto-usui.Kokukoku.widget";
				PRODUCT_NAME = "$(TARGET_NAME)";
				SDKROOT = iphoneos;
				SKIP_INSTALL = YES;
				SUPPORTED_PLATFORMS = "iphoneos iphonesimulator";
				SWIFT_EMIT_LOC_STRINGS = YES;
				SWIFT_VERSION = 5.0;
				TARGETED_DEVICE_FAMILY = "1,2";
				VALIDATE_PRODUCT = YES;
			};
			name = Release;
		};
		EF466A0BAF890BEF872502C0 /* Release */ = {
			isa = XCBuildConfiguration;
			buildSettings = {
				CODE_SIGN_STYLE = Automatic;
				CURRENT_PROJECT_VERSION = 1;
				GENERATE_INFOPLIST_FILE = YES;
				INFOPLIST_KEY_WKCompanionAppBundleIdentifier = "com.uto-usui.Kokukoku";
				LD_RUNPATH_SEARCH_PATHS = (
					"$(inherited)",
					"@executable_path/Frameworks",
				);
				MARKETING_VERSION = 1.0;
				PRODUCT_BUNDLE_IDENTIFIER = "com.uto-usui.Kokukoku.watchkitapp";
				PRODUCT_NAME = "$(TARGET_NAME)";
				SDKROOT = watchos;
				SKIP_INSTALL = YES;
				SUPPORTED_PLATFORMS = "watchos watchsimulator";
				SWIFT_EMIT_LOC_STRINGS = YES;
				SWIFT_VERSION = 5.0;
				TARGETED_DEVICE_FAMILY = 4;
				VALIDATE_PRODUCT = YES;
				WATCHOS_DEPLOYMENT_TARGET = 26.2;
			};
			name = Release;
		};
/* End XCBuildConfiguration section */

/* Begin XCConfigurationList section */
		40BBB12FCC698A00C74D390F /* Build configuration list for PBXNativeTarget "KokukokuWidget" */ = {
			isa = XCConfigurationList;
			buildConfigurations = (
				E5B3B6AF5A8B7A0BFDD5D48F /* Release */,
				C9756A7BE23896E28AB16E1D /* Debug */,
			);
			defaultConfigurationIsVisible = 0;
			defaultConfigurationName = Release;
		};
		C3EE8C9C2F4DDC6E00522F61 /* Build configuration list for PBXProject "Kokukoku" */ = {
			isa = XCConfigurationList;
			buildConfigurations = (
				C3EE8CC22F4DDC6F00522F61 /* Debug */,
				C3EE8CC32F4DDC6F00522F61 /* Release */,
			);
			defaultConfigurationIsVisible = 0;
			defaultConfigurationName = Release;
		};
		C3EE8CC42F4DDC6F00522F61 /* Build configuration list for PBXNativeTarget "Kokukoku" */ = {
			isa = XCConfigurationList;
			buildConfigurations = (
				C3EE8CC52F4DDC6F00522F61 /* Debug */,
				C3EE8CC62F4DDC6F00522F61 /* Release */,
			);
			defaultConfigurationIsVisible = 0;
			defaultConfigurationName = Release;
		};
		C3EE8CC72F4DDC6F00522F61 /* Build configuration list for PBXNativeTarget "KokukokuTests" */ = {
			isa = XCConfigurationList;
			buildConfigurations = (
				C3EE8CC82F4DDC6F00522F61 /* Debug */,
				C3EE8CC92F4DDC6F00522F61 /* Release */,
			);
			defaultConfigurationIsVisible = 0;
			defaultConfigurationName = Release;
		};
		C3EE8CCA2F4DDC6F00522F61 /* Build configuration list for PBXNativeTarget "KokukokuUITests" */ = {
			isa = XCConfigurationList;
			buildConfigurations = (
				C3EE8CCB2F4DDC6F00522F61 /* Debug */,
				C3EE8CCC2F4DDC6F00522F61 /* Release */,
			);
			defaultConfigurationIsVisible = 0;
			defaultConfigurationName = Release;
		};
		DE09F61D211FB1D5573B4D25 /* Build configuration list for PBXNativeTarget "KokukokuWatch" */ = {
			isa = XCConfigurationList;
			buildConfigurations = (
				EF466A0BAF890BEF872502C0 /* Release */,
				4A7961EE63C38EB91AA57A48 /* Debug */,
			);
			defaultConfigurationIsVisible = 0;
			defaultConfigurationName = Release;
		};
/* End XCConfigurationList section */
	};
	rootObject = C3EE8C992F4DDC6E00522F61 /* Project object */;
}
